# This file is automatically @generated by Cargo.
# It is not intended for manual editing.
version = 3

[[package]]
name = "fast_qr"
version = "0.12.5"
source = "registry+https://github.com/rust-lang/crates.io-index"
checksum = "a4415f4c642f04fea6ada6ff450018f3c28c1e7248528584718220c449d7f5f4"

[[package]]
name = "rust"
version = "0.1.0"
dependencies = [
 "fast_qr",
]
